
Microsoft Visual Studio Solution File, Format Version 12.00
# Visual Studio 15
VisualStudioVersion = 15.0.28307.168
MinimumVisualStudioVersion = 10.0.40219.1
Project("{FAE04EC0-301F-11D3-BF4B-00C04F79EFBC}") = "Tarefas_Api", "Tarefas_Api\Tarefas_Api.csproj", "{8A158AA8-0E89-4BD8-8B8C-2A5E4D319BBF}"
EndProject
Global
	GlobalSection(SolutionConfigurationPlatforms) = preSolution
		Debug|Any CPU = Debug|Any CPU
		Release|Any CPU = Release|Any CPU
	EndGlobalSection
	GlobalSection(ProjectConfigurationPlatforms) = postSolution
		{8A158AA8-0E89-4BD8-8B8C-2A5E4D319BBF}.Debug|Any CPU.ActiveCfg = Debug|Any CPU
		{8A158AA8-0E89-4BD8-8B8C-2A5E4D319BBF}.Debug|Any CPU.Build.0 = Debug|Any CPU
		{8A158AA8-0E89-4BD8-8B8C-2A5E4D319BBF}.Release|Any CPU.ActiveCfg = Release|Any CPU
		{8A158AA8-0E89-4BD8-8B8C-2A5E4D319BBF}.Release|Any CPU.Build.0 = Release|Any CPU
	EndGlobalSection
	GlobalSection(SolutionProperties) = preSolution
		HideSolutionNode = FALSE
	EndGlobalSection
	GlobalSection(ExtensibilityGlobals) = postSolution
		SolutionGuid = {299679D5-6AF2-4418-B70B-CF0181428260}
	EndGlobalSection
EndGlobal
